PODS:
  - AFNetworking (4.0.1):
    - AFNetworking/NSURLSession (= 4.0.1)
    - AFNetworking/Reachability (= 4.0.1)
    - AFNetworking/Security (= 4.0.1)
    - AFNetworking/Serialization (= 4.0.1)
    - AFNetworking/UIKit (= 4.0.1)
  - AFNetworking/NSURLSession (4.0.1):
    - AFNetworking/Reachability
    - AFNetworking/Security
    - AFNetworking/Serialization
  - AFNetworking/Reachability (4.0.1)
  - AFNetworking/Security (4.0.1)
  - AFNetworking/Serialization (4.0.1)
  - AFNetworking/UIKit (4.0.1):
    - AFNetworking/NSURLSession
  - Beta-AppsFlyerFramework (6.0.2.174)
  - Bytedance-UnionAD (3.3.6.2)
  - FBAEMKit (11.2.1):
    - FBAEMKit/AEM (= 11.2.1)
  - FBAEMKit/AEM (11.2.1):
    - FBSDKCoreKit_Basics (~> 11.2.1)
  - FBAudienceNetwork (6.5.1):
    - FBSDKCoreKit_Basics
  - FBSDKCoreKit (11.2.1):
    - FBSDKCoreKit/Core (= 11.2.1)
  - FBSDKCoreKit/Core (11.2.1):
    - FBAEMKit (~> 11.2.1)
    - FBSDKCoreKit_Basics (~> 11.2.1)
  - FBSDKCoreKit_Basics (11.2.1):
    - FBSDKCoreKit_Basics/Basics (= 11.2.1)
  - FBSDKCoreKit_Basics/Basics (11.2.1)
  - FBSDKLoginKit (11.2.1):
    - FBSDKLoginKit/Login (= 11.2.1)
  - FBSDKLoginKit/Login (11.2.1):
    - FBSDKCoreKit (~> 11.2.1)
    - FBSDKCoreKit_Basics (~> 11.2.1)
  - FBSDKShareKit (11.2.1):
    - FBSDKShareKit/Share (= 11.2.1)
  - FBSDKShareKit/Share (11.2.1):
    - FBSDKCoreKit (~> 11.2.1)
    - FBSDKCoreKit_Basics (~> 11.2.1)
  - IronSourcePangleAdapter (4.3.0.2):
    - Bytedance-UnionAD (= 3.3.6.2)
    - IronSourceSDK (= 7.1.1.0)
  - IronSourceSDK (7.1.1.0)
  - LinKingGameHkSDK (0.1.0):
    - AFNetworking (~> 4.0.1)
    - Beta-AppsFlyerFramework (~> 6.0.2.174)
    - FBAudienceNetwork (~> 6.5.1)
    - FBSDKLoginKit (~> 11.2.0)
    - FBSDKShareKit (~> 11.2.0)
    - IronSourcePangleAdapter (= 4.3.0.2)
    - IronSourceSDK (= 7.1.1.0)
    - SDWebImage (~> 5.0.6)
    - Toast (~> 4.0.0)
  - SDWebImage (5.0.6):
    - SDWebImage/Core (= 5.0.6)
  - SDWebImage/Core (5.0.6)
  - Toast (4.0.0)

DEPENDENCIES:
  - LinKingGameHkSDK (from `../`)

SPEC REPOS:
  trunk:
    - AFNetworking
    - Beta-AppsFlyerFramework
    - Bytedance-UnionAD
    - FBAEMKit
    - FBAudienceNetwork
    - FBSDKCoreKit
    - FBSDKCoreKit_Basics
    - FBSDKLoginKit
    - FBSDKShareKit
    - IronSourcePangleAdapter
    - IronSourceSDK
    - SDWebImage
    - Toast

EXTERNAL SOURCES:
  LinKingGameHkSDK:
    :path: "../"

SPEC CHECKSUMS:
  AFNetworking: 3bd23d814e976cd148d7d44c3ab78017b744cd58
  Beta-AppsFlyerFramework: a7a8e24349fdf60d1ad16cf8085c63b4d239d342
  Bytedance-UnionAD: e9f83939e2a5d857e104f6a91035bbf504b603e5
  FBAEMKit: 5de0a7aaa854eec69bb5be20795952a63d38a5f6
  FBAudienceNetwork: 9a5f277d6ed36a46354a045c46a4858b47407a72
  FBSDKCoreKit: bf655f808b040ed66a72b9922911b39d703e64f4
  FBSDKCoreKit_Basics: 73ebe3a27eb688ac5b5aa7e99f68992993042115
  FBSDKLoginKit: 2e76831ef08d356b8f9150ea51cce865074ea304
  FBSDKShareKit: 1c8c3000880382ae005fe4a4e7eae9932db1a837
  IronSourcePangleAdapter: f0000dcbfd437a882e9630b482f70e46ae0b7da9
  IronSourceSDK: 416ed0d4fe77906330eb9d62856fe9fa3ce6e8e7
  LinKingGameHkSDK: f44879ca75c53ab954e4ab5b46bdac4dbb73dc89
  SDWebImage: 920f1a2ff1ca8296ad34f6e0510a1ef1d70ac965
  Toast: 91b396c56ee72a5790816f40d3a94dd357abc196

PODFILE CHECKSUM: cb1f156a8a22102f4931946bdcb34b1270d3e56d

COCOAPODS: 1.16.2
